
Microsoft Visual Studio Solution File, Format Version 12.00
# Visual Studio Version 17
VisualStudioVersion = 17.0.31903.59
MinimumVisualStudioVersion = 10.0.40219.1
Project("{FAE04EC0-301F-11D3-BF4B-00C04F79EFBC}") = "Clap", "Clap.csproj", "{F8588058-1361-49A9-BD3C-8161F81BBFCF}"
EndProject
Project("{2150E333-8FDC-42A3-9474-1A3956D46DE8}") = "tests", "tests", "{658A9AA1-B63F-43ED-ABA8-962289BA7E6A}"
EndProject
Project("{FAE04EC0-301F-11D3-BF4B-00C04F79EFBC}") = "Clap.Tests", "tests\Clap.Tests\Clap.Tests.csproj", "{04953281-579A-4D48-8F0A-050FF52BE4B3}"
EndProject
Global
	GlobalSection(SolutionConfigurationPlatforms) = preSolution
		Debug|Any CPU = Debug|Any CPU
		Release|Any CPU = Release|Any CPU
	EndGlobalSection
	GlobalSection(SolutionProperties) = preSolution
		HideSolutionNode = FALSE
	EndGlobalSection
	GlobalSection(ProjectConfigurationPlatforms) = postSolution
		{F8588058-1361-49A9-BD3C-8161F81BBFCF}.Debug|Any CPU.ActiveCfg = Debug|Any CPU
		{F8588058-1361-49A9-BD3C-8161F81BBFCF}.Debug|Any CPU.Build.0 = Debug|Any CPU
		{F8588058-1361-49A9-BD3C-8161F81BBFCF}.Release|Any CPU.ActiveCfg = Release|Any CPU
		{F8588058-1361-49A9-BD3C-8161F81BBFCF}.Release|Any CPU.Build.0 = Release|Any CPU
		{04953281-579A-4D48-8F0A-050FF52BE4B3}.Debug|Any CPU.ActiveCfg = Debug|Any CPU
		{04953281-579A-4D48-8F0A-050FF52BE4B3}.Debug|Any CPU.Build.0 = Debug|Any CPU
		{04953281-579A-4D48-8F0A-050FF52BE4B3}.Release|Any CPU.ActiveCfg = Release|Any CPU
		{04953281-579A-4D48-8F0A-050FF52BE4B3}.Release|Any CPU.Build.0 = Release|Any CPU
	EndGlobalSection
	GlobalSection(NestedProjects) = preSolution
		{04953281-579A-4D48-8F0A-050FF52BE4B3} = {658A9AA1-B63F-43ED-ABA8-962289BA7E6A}
	EndGlobalSection
EndGlobal
